
Microsoft Visual Studio Solution File, Format Version 12.00
# Visual Studio Version 16
VisualStudioVersion = 16.0.29503.13
MinimumVisualStudioVersion = 10.0.40219.1
Project("{F184B08F-C81C-45F6-A57F-5ABD9991F28F}") = "OppMan.Frontend", "OppMan.Frontend\OppMan.Frontend.vbproj", "{38C426F6-1F60-4FC4-A1C8-9B9453EB46E3}"
EndProject
Global
	GlobalSection(SolutionConfigurationPlatforms) = preSolution
		Debug|Any CPU = Debug|Any CPU
		Release|Any CPU = Release|Any CPU
	EndGlobalSection
	GlobalSection(ProjectConfigurationPlatforms) = postSolution
		{38C426F6-1F60-4FC4-A1C8-9B9453EB46E3}.Debug|Any CPU.ActiveCfg = Debug|Any CPU
		{38C426F6-1F60-4FC4-A1C8-9B9453EB46E3}.Debug|Any CPU.Build.0 = Debug|Any CPU
		{38C426F6-1F60-4FC4-A1C8-9B9453EB46E3}.Release|Any CPU.ActiveCfg = Release|Any CPU
		{38C426F6-1F60-4FC4-A1C8-9B9453EB46E3}.Release|Any CPU.Build.0 = Release|Any CPU
	EndGlobalSection
	GlobalSection(SolutionProperties) = preSolution
		HideSolutionNode = FALSE
	EndGlobalSection
	GlobalSection(ExtensibilityGlobals) = postSolution
		SolutionGuid = {B3BD2883-DD99-453A-85A5-4746A5F1F717}
	EndGlobalSection
EndGlobal
